
Microsoft Visual Studio Solution File, Format Version 12.00
# Visual Studio Version 16
VisualStudioVersion = 16.0.31613.86
MinimumVisualStudioVersion = 10.0.40219.1
Project("{FAE04EC0-301F-11D3-BF4B-00C04F79EFBC}") = "RealtimeDataApi", "RealtimeDataApi\RealtimeDataApi.csproj", "{CC4144CB-C79C-4095-B1C3-45EB24BE280D}"
EndProject
Global
	GlobalSection(SolutionConfigurationPlatforms) = preSolution
		Debug|Any CPU = Debug|Any CPU
		Release|Any CPU = Release|Any CPU
	EndGlobalSection
	GlobalSection(ProjectConfigurationPlatforms) = postSolution
		{CC4144CB-C79C-4095-B1C3-45EB24BE280D}.Debug|Any CPU.ActiveCfg = Debug|Any CPU
		{CC4144CB-C79C-4095-B1C3-45EB24BE280D}.Debug|Any CPU.Build.0 = Debug|Any CPU
		{CC4144CB-C79C-4095-B1C3-45EB24BE280D}.Release|Any CPU.ActiveCfg = Release|Any CPU
		{CC4144CB-C79C-4095-B1C3-45EB24BE280D}.Release|Any CPU.Build.0 = Release|Any CPU
	EndGlobalSection
	GlobalSection(SolutionProperties) = preSolution
		HideSolutionNode = FALSE
	EndGlobalSection
	GlobalSection(ExtensibilityGlobals) = postSolution
		SolutionGuid = {B4AE60A6-BDA6-4B2B-9807-5995455B6D15}
	EndGlobalSection
EndGlobal
